
Microsoft Visual Studio Solution File, Format Version 12.00
# Visual Studio 15
VisualStudioVersion = 15.0.28307.645
MinimumVisualStudioVersion = 10.0.40219.1
Project("{FAE04EC0-301F-11D3-BF4B-00C04F79EFBC}") = "apiStudents", "apiStudents\apiStudents.csproj", "{A5038078-353D-41B9-8727-79D285AD202F}"
EndProject
Global
	GlobalSection(SolutionConfigurationPlatforms) = preSolution
		Debug|Any CPU = Debug|Any CPU
		Release|Any CPU = Release|Any CPU
	EndGlobalSection
	GlobalSection(ProjectConfigurationPlatforms) = postSolution
		{A5038078-353D-41B9-8727-79D285AD202F}.Debug|Any CPU.ActiveCfg = Debug|Any CPU
		{A5038078-353D-41B9-8727-79D285AD202F}.Debug|Any CPU.Build.0 = Debug|Any CPU
		{A5038078-353D-41B9-8727-79D285AD202F}.Release|Any CPU.ActiveCfg = Release|Any CPU
		{A5038078-353D-41B9-8727-79D285AD202F}.Release|Any CPU.Build.0 = Release|Any CPU
	EndGlobalSection
	GlobalSection(SolutionProperties) = preSolution
		HideSolutionNode = FALSE
	EndGlobalSection
	GlobalSection(ExtensibilityGlobals) = postSolution
		SolutionGuid = {682D24E5-783C-431F-82F8-E78BE7DC7E62}
	EndGlobalSection
EndGlobal
